{
  "name": "minecraft-framework-css",
  "version": "1.1.9",
  "lockfileVersion": 2,
  "requires": true,
  "packages": {
    "": {
      "name": "minecraft-framework-css",
      "version": "1.1.9",
      "license": "ISC",
      "dependencies": {
        "minecraft-framework-css": "^1.1.9"
      }
    },
    "node_modules/minecraft-framework-css": {
      "version": "1.1.9",
      "resolved": "https://registry.npmjs.org/minecraft-framework-css/-/minecraft-framework-css-1.1.9.tgz",
      "integrity": "sha512-yYIehqDIYxeSrXaXm54cqZLty3TgxSZoZnFsnPHwb9A47U405Nq6y8Mp5NOanxnIS+n1amr+fwp7R2sk+HskNw=="
    }
  },
  "dependencies": {
    "minecraft-framework-css": {
      "version": "1.1.9",
      "resolved": "https://registry.npmjs.org/minecraft-framework-css/-/minecraft-framework-css-1.1.9.tgz",
      "integrity": "sha512-yYIehqDIYxeSrXaXm54cqZLty3TgxSZoZnFsnPHwb9A47U405Nq6y8Mp5NOanxnIS+n1amr+fwp7R2sk+HskNw=="
    }
  }
}